
Microsoft Visual Studio Solution File, Format Version 12.00
# Visual Studio 15
VisualStudioVersion = 15.0.27703.2035
MinimumVisualStudioVersion = 10.0.40219.1
Project("{FAE04EC0-301F-11D3-BF4B-00C04F79EFBC}") = "ReadFileFirstTry", "ReadFileFirstTry\ReadFileFirstTry.csproj", "{940ED8AD-5824-45D4-9A61-4A5A00495CB7}"
EndProject
Project("{FAE04EC0-301F-11D3-BF4B-00C04F79EFBC}") = "FileReader.Domain", "ReadFile.Domain\FileReader.Domain.csproj", "{17220BDB-6740-4FA9-94E6-9A26B33493BF}"
EndProject
Project("{FAE04EC0-301F-11D3-BF4B-00C04F79EFBC}") = "FileReader.Impl", "ReadFile.Impl\FileReader.Impl.csproj", "{9E953156-497D-4C65-B9CF-094FCEA78478}"
EndProject
Global
	GlobalSection(SolutionConfigurationPlatforms) = preSolution
		Debug|Any CPU = Debug|Any CPU
		Release|Any CPU = Release|Any CPU
	EndGlobalSection
	GlobalSection(ProjectConfigurationPlatforms) = postSolution
		{940ED8AD-5824-45D4-9A61-4A5A00495CB7}.Debug|Any CPU.ActiveCfg = Debug|Any CPU
		{940ED8AD-5824-45D4-9A61-4A5A00495CB7}.Debug|Any CPU.Build.0 = Debug|Any CPU
		{940ED8AD-5824-45D4-9A61-4A5A00495CB7}.Release|Any CPU.ActiveCfg = Release|Any CPU
		{940ED8AD-5824-45D4-9A61-4A5A00495CB7}.Release|Any CPU.Build.0 = Release|Any CPU
		{17220BDB-6740-4FA9-94E6-9A26B33493BF}.Debug|Any CPU.ActiveCfg = Debug|Any CPU
		{17220BDB-6740-4FA9-94E6-9A26B33493BF}.Debug|Any CPU.Build.0 = Debug|Any CPU
		{17220BDB-6740-4FA9-94E6-9A26B33493BF}.Release|Any CPU.ActiveCfg = Release|Any CPU
		{17220BDB-6740-4FA9-94E6-9A26B33493BF}.Release|Any CPU.Build.0 = Release|Any CPU
		{9E953156-497D-4C65-B9CF-094FCEA78478}.Debug|Any CPU.ActiveCfg = Debug|Any CPU
		{9E953156-497D-4C65-B9CF-094FCEA78478}.Debug|Any CPU.Build.0 = Debug|Any CPU
		{9E953156-497D-4C65-B9CF-094FCEA78478}.Release|Any CPU.ActiveCfg = Release|Any CPU
		{9E953156-497D-4C65-B9CF-094FCEA78478}.Release|Any CPU.Build.0 = Release|Any CPU
	EndGlobalSection
	GlobalSection(SolutionProperties) = preSolution
		HideSolutionNode = FALSE
	EndGlobalSection
	GlobalSection(ExtensibilityGlobals) = postSolution
		SolutionGuid = {D11F9884-F6F1-446B-A8F5-55F000512AF0}
	EndGlobalSection
EndGlobal
